// !$*UTF8*$!
{
	archiveVersion = 1;
	classes = {
	};
	objectVersion = 77;
	objects = {

/* Begin PBXBuildFile section */
		B424788C2DD15E6600702AA5 /* GoogleService-Info.plist in Resources */ = {isa = PBXBuildFile; fileRef = B424788B2DD15E6600702AA5 /* GoogleService-Info.plist */; };
		B424788F2DD15EBF00702AA5 /* FirebaseAnalytics in Frameworks */ = {isa = PBXBuildFile; productRef = B424788E2DD15EBF00702AA5 /* FirebaseAnalytics */; };
		B42478912DD15EBF00702AA5 /* FirebaseAuth in Frameworks */ = {isa = PBXBuildFile; productRef = B42478902DD15EBF00702AA5 /* FirebaseAuth */; };
		B42478932DD15EBF00702AA5 /* FirebaseCore in Frameworks */ = {isa = PBXBuildFile; productRef = B42478922DD15EBF00702AA5 /* FirebaseCore */; };
		B42478952DD15EBF00702AA5 /* FirebaseDatabase in Frameworks */ = {isa = PBXBuildFile; productRef = B42478942DD15EBF00702AA5 /* FirebaseDatabase */; };
		B42478972DD15EBF00702AA5 /* FirebaseFirestore in Frameworks */ = {isa = PBXBuildFile; productRef = B42478962DD15EBF00702AA5 /* FirebaseFirestore */; };
		B42478992DD15EBF00702AA5 /* FirebaseFirestoreCombine-Community in Frameworks */ = {isa = PBXBuildFile; productRef = B42478982DD15EBF00702AA5 /* FirebaseFirestoreCombine-Community */; };
		B42478AA2DD1DA6C00702AA5 /* FirebaseStorage in Frameworks */ = {isa = PBXBuildFile; productRef = B42478A92DD1DA6C00702AA5 /* FirebaseStorage */; };
		B42478AC2DD1DA6C00702AA5 /* FirebaseStorageCombine-Community in Frameworks */ = {isa = PBXBuildFile; productRef = B42478AB2DD1DA6C00702AA5 /* FirebaseStorageCombine-Community */; };
		B42478AE2DD1DC7A00702AA5 /* FirebaseInAppMessaging-Beta in Frameworks */ = {isa = PBXBuildFile; productRef = B42478AD2DD1DC7A00702AA5 /* FirebaseInAppMessaging-Beta */; };
		B42478B02DD1DC7A00702AA5 /* FirebaseInstallations in Frameworks */ = {isa = PBXBuildFile; productRef = B42478AF2DD1DC7A00702AA5 /* FirebaseInstallations */; };
		B42478B22DD1DC7A00702AA5 /* FirebaseMessaging in Frameworks */ = {isa = PBXBuildFile; productRef = B42478B12DD1DC7A00702AA5 /* FirebaseMessaging */; };
/* End PBXBuildFile section */

/* Begin PBXContainerItemProxy section */
		B424786F2DD159BC00702AA5 /* PBXContainerItemProxy */ = {
			isa = PBXContainerItemProxy;
			containerPortal = B42478552DD159BB00702AA5 /* Project object */;
			proxyType = 1;
			remoteGlobalIDString = B424785C2DD159BB00702AA5;
			remoteInfo = HabbitTracker;
		};
		B42478792DD159BC00702AA5 /* PBXContainerItemProxy */ = {
			isa = PBXContainerItemProxy;
			containerPortal = B42478552DD159BB00702AA5 /* Project object */;
			proxyType = 1;
			remoteGlobalIDString = B424785C2DD159BB00702AA5;
			remoteInfo = HabbitTracker;
		};
/* End PBXContainerItemProxy section */

/* Begin PBXFileReference section */
		B424785D2DD159BB00702AA5 /* HabbitTracker.app */ = {isa = PBXFileReference; explicitFileType = wrapper.application; includeInIndex = 0; path = HabbitTracker.app; sourceTree = BUILT_PRODUCTS_DIR; };
		B424786E2DD159BC00702AA5 /* HabbitTrackerTests.xctest */ = {isa = PBXFileReference; explicitFileType = wrapper.cfbundle; includeInIndex = 0; path = HabbitTrackerTests.xctest; sourceTree = BUILT_PRODUCTS_DIR; };
		B42478782DD159BC00702AA5 /* HabbitTrackerUITests.xctest */ = {isa = PBXFileReference; explicitFileType = wrapper.cfbundle; includeInIndex = 0; path = HabbitTrackerUITests.xctest; sourceTree = BUILT_PRODUCTS_DIR; };
		B424788B2DD15E6600702AA5 /* GoogleService-Info.plist */ = {isa = PBXFileReference; lastKnownFileType = text.plist.xml; path = "GoogleService-Info.plist"; sourceTree = "<group>"; };
/* End PBXFileReference section */

/* Begin PBXFileSystemSynchronizedRootGroup section */
		B424785F2DD159BB00702AA5 /* HabbitTracker */ = {
			isa = PBXFileSystemSynchronizedRootGroup;
			path = HabbitTracker;
			sourceTree = "<group>";
		};
		B42478712DD159BC00702AA5 /* HabbitTrackerTests */ = {
			isa = PBXFileSystemSynchronizedRootGroup;
			path = HabbitTrackerTests;
			sourceTree = "<group>";
		};
		B424787B2DD159BC00702AA5 /* HabbitTrackerUITests */ = {
			isa = PBXFileSystemSynchronizedRootGroup;
			path = HabbitTrackerUITests;
			sourceTree = "<group>";
		};
/* End PBXFileSystemSynchronizedRootGroup section */

/* Begin PBXFrameworksBuildPhase section */
		B424785A2DD159BB00702AA5 /* Frameworks */ = {
			isa = PBXFrameworksBuildPhase;
			buildActionMask = 2147483647;
			files = (
				B424788F2DD15EBF00702AA5 /* FirebaseAnalytics in Frameworks */,
				B42478932DD15EBF00702AA5 /* FirebaseCore in Frameworks */,
				B42478AE2DD1DC7A00702AA5 /* FirebaseInAppMessaging-Beta in Frameworks */,
				B42478AC2DD1DA6C00702AA5 /* FirebaseStorageCombine-Community in Frameworks */,
				B42478952DD15EBF00702AA5 /* FirebaseDatabase in Frameworks */,
				B42478992DD15EBF00702AA5 /* FirebaseFirestoreCombine-Community in Frameworks */,
				B42478AA2DD1DA6C00702AA5 /* FirebaseStorage in Frameworks */,
				B42478972DD15EBF00702AA5 /* FirebaseFirestore in Frameworks */,
				B42478912DD15EBF00702AA5 /* FirebaseAuth in Frameworks */,
				B42478B22DD1DC7A00702AA5 /* FirebaseMessaging in Frameworks */,
				B42478B02DD1DC7A00702AA5 /* FirebaseInstallations in Frameworks */,
			);
			runOnlyForDeploymentPostprocessing = 0;
		};
		B424786B2DD159BC00702AA5 /* Frameworks */ = {
			isa = PBXFrameworksBuildPhase;
			buildActionMask = 2147483647;
			files = (
			);
			runOnlyForDeploymentPostprocessing = 0;
		};
		B42478752DD159BC00702AA5 /* Frameworks */ = {
			isa = PBXFrameworksBuildPhase;
			buildActionMask = 2147483647;
			files = (
			);
			runOnlyForDeploymentPostprocessing = 0;
		};
/* End PBXFrameworksBuildPhase section */

/* Begin PBXGroup section */
		B42478542DD159BB00702AA5 = {
			isa = PBXGroup;
			children = (
				B424785F2DD159BB00702AA5 /* HabbitTracker */,
				B42478712DD159BC00702AA5 /* HabbitTrackerTests */,
				B424787B2DD159BC00702AA5 /* HabbitTrackerUITests */,
				B424785E2DD159BB00702AA5 /* Products */,
				B424788B2DD15E6600702AA5 /* GoogleService-Info.plist */,
			);
			sourceTree = "<group>";
		};
		B424785E2DD159BB00702AA5 /* Products */ = {
			isa = PBXGroup;
			children = (
				B424785D2DD159BB00702AA5 /* HabbitTracker.app */,
				B424786E2DD159BC00702AA5 /* HabbitTrackerTests.xctest */,
				B42478782DD159BC00702AA5 /* HabbitTrackerUITests.xctest */,
			);
			name = Products;
			sourceTree = "<group>";
		};
/* End PBXGroup section */

/* Begin PBXNativeTarget section */
		B424785C2DD159BB00702AA5 /* HabbitTracker */ = {
			isa = PBXNativeTarget;
			buildConfigurationList = B42478822DD159BC00702AA5 /* Build configuration list for PBXNativeTarget "HabbitTracker" */;
			buildPhases = (
				B42478592DD159BB00702AA5 /* Sources */,
				B424785A2DD159BB00702AA5 /* Frameworks */,
				B424785B2DD159BB00702AA5 /* Resources */,
			);
			buildRules = (
			);
			dependencies = (
			);
			fileSystemSynchronizedGroups = (
				B424785F2DD159BB00702AA5 /* HabbitTracker */,
			);
			name = HabbitTracker;
			packageProductDependencies = (
				B424788E2DD15EBF00702AA5 /* FirebaseAnalytics */,
				B42478902DD15EBF00702AA5 /* FirebaseAuth */,
				B42478922DD15EBF00702AA5 /* FirebaseCore */,
				B42478942DD15EBF00702AA5 /* FirebaseDatabase */,
				B42478962DD15EBF00702AA5 /* FirebaseFirestore */,
				B42478982DD15EBF00702AA5 /* FirebaseFirestoreCombine-Community */,
				B42478A92DD1DA6C00702AA5 /* FirebaseStorage */,
				B42478AB2DD1DA6C00702AA5 /* FirebaseStorageCombine-Community */,
				B42478AD2DD1DC7A00702AA5 /* FirebaseInAppMessaging-Beta */,
				B42478AF2DD1DC7A00702AA5 /* FirebaseInstallations */,
				B42478B12DD1DC7A00702AA5 /* FirebaseMessaging */,
			);
			productName = HabbitTracker;
			productReference = B424785D2DD159BB00702AA5 /* HabbitTracker.app */;
			productType = "com.apple.product-type.application";
		};
		B424786D2DD159BC00702AA5 /* HabbitTrackerTests */ = {
			isa = PBXNativeTarget;
			buildConfigurationList = B42478852DD159BC00702AA5 /* Build configuration list for PBXNativeTarget "HabbitTrackerTests" */;
			buildPhases = (
				B424786A2DD159BC00702AA5 /* Sources */,
				B424786B2DD159BC00702AA5 /* Frameworks */,
				B424786C2DD159BC00702AA5 /* Resources */,
			);
			buildRules = (
			);
			dependencies = (
				B42478702DD159BC00702AA5 /* PBXTargetDependency */,
			);
			fileSystemSynchronizedGroups = (
				B42478712DD159BC00702AA5 /* HabbitTrackerTests */,
			);
			name = HabbitTrackerTests;
			packageProductDependencies = (
			);
			productName = HabbitTrackerTests;
			productReference = B424786E2DD159BC00702AA5 /* HabbitTrackerTests.xctest */;
			productType = "com.apple.product-type.bundle.unit-test";
		};
		B42478772DD159BC00702AA5 /* HabbitTrackerUITests */ = {
			isa = PBXNativeTarget;
			buildConfigurationList = B42478882DD159BC00702AA5 /* Build configuration list for PBXNativeTarget "HabbitTrackerUITests" */;
			buildPhases = (
				B42478742DD159BC00702AA5 /* Sources */,
				B42478752DD159BC00702AA5 /* Frameworks */,
				B42478762DD159BC00702AA5 /* Resources */,
			);
			buildRules = (
			);
			dependencies = (
				B424787A2DD159BC00702AA5 /* PBXTargetDependency */,
			);
			name = HabbitTrackerUITests;
			packageProductDependencies = (
			);
			productName = HabbitTrackerUITests;
			productReference = B42478782DD159BC00702AA5 /* HabbitTrackerUITests.xctest */;
			productType = "com.apple.product-type.bundle.ui-testing";
		};
/* End PBXNativeTarget section */

/* Begin PBXProject section */
		B42478552DD159BB00702AA5 /* Project object */ = {
			isa = PBXProject;
			attributes = {
				BuildIndependentTargetsInParallel = 1;
				LastSwiftUpdateCheck = 1620;
				LastUpgradeCheck = 1620;
				TargetAttributes = {
					B424785C2DD159BB00702AA5 = {
						CreatedOnToolsVersion = 16.2;
					};
					B424786D2DD159BC00702AA5 = {
						CreatedOnToolsVersion = 16.2;
						TestTargetID = B424785C2DD159BB00702AA5;
					};
					B42478772DD159BC00702AA5 = {
						CreatedOnToolsVersion = 16.2;
						TestTargetID = B424785C2DD159BB00702AA5;
					};
				};
			};
			buildConfigurationList = B42478582DD159BB00702AA5 /* Build configuration list for PBXProject "HabbitTracker" */;
			developmentRegion = en;
			hasScannedForEncodings = 0;
			knownRegions = (
				en,
				Base,
			);
			mainGroup = B42478542DD159BB00702AA5;
			minimizedProjectReferenceProxies = 1;
			packageReferences = (
				B424788D2DD15EBF00702AA5 /* XCRemoteSwiftPackageReference "firebase-ios-sdk" */,
			);
			preferredProjectObjectVersion = 77;
			productRefGroup = B424785E2DD159BB00702AA5 /* Products */;
			projectDirPath = "";
			projectRoot = "";
			targets = (
				B424785C2DD159BB00702AA5 /* HabbitTracker */,
				B424786D2DD159BC00702AA5 /* HabbitTrackerTests */,
				B42478772DD159BC00702AA5 /* HabbitTrackerUITests */,
			);
		};
/* End PBXProject section */

/* Begin PBXResourcesBuildPhase section */
		B424785B2DD159BB00702AA5 /* Resources */ = {
			isa = PBXResourcesBuildPhase;
			buildActionMask = 2147483647;
			files = (
				B424788C2DD15E6600702AA5 /* GoogleService-Info.plist in Resources */,
			);
			runOnlyForDeploymentPostprocessing = 0;
		};
		B424786C2DD159BC00702AA5 /* Resources */ = {
			isa = PBXResourcesBuildPhase;
			buildActionMask = 2147483647;
			files = (
			);
			runOnlyForDeploymentPostprocessing = 0;
		};
		B42478762DD159BC00702AA5 /* Resources */ = {
			isa = PBXResourcesBuildPhase;
			buildActionMask = 2147483647;
			files = (
			);
			runOnlyForDeploymentPostprocessing = 0;
		};
/* End PBXResourcesBuildPhase section */

/* Begin PBXSourcesBuildPhase section */
		B42478592DD159BB00702AA5 /* Sources */ = {
			isa = PBXSourcesBuildPhase;
			buildActionMask = 2147483647;
			files = (
			);
			runOnlyForDeploymentPostprocessing = 0;
		};
		B424786A2DD159BC00702AA5 /* Sources */ = {
			isa = PBXSourcesBuildPhase;
			buildActionMask = 2147483647;
			files = (
			);
			runOnlyForDeploymentPostprocessing = 0;
		};
		B42478742DD159BC00702AA5 /* Sources */ = {
			isa = PBXSourcesBuildPhase;
			buildActionMask = 2147483647;
			files = (
			);
			runOnlyForDeploymentPostprocessing = 0;
		};
/* End PBXSourcesBuildPhase section */

/* Begin PBXTargetDependency section */
		B42478702DD159BC00702AA5 /* PBXTargetDependency */ = {
			isa = PBXTargetDependency;
			target = B424785C2DD159BB00702AA5 /* HabbitTracker */;
			targetProxy = B424786F2DD159BC00702AA5 /* PBXContainerItemProxy */;
		};
		B424787A2DD159BC00702AA5 /* PBXTargetDependency */ = {
			isa = PBXTargetDependency;
			target = B424785C2DD159BB00702AA5 /* HabbitTracker */;
			targetProxy = B42478792DD159BC00702AA5 /* PBXContainerItemProxy */;
		};
/* End PBXTargetDependency section */

/* Begin XCBuildConfiguration section */
		B42478802DD159BC00702AA5 /* Debug */ = {
			isa = XCBuildConfiguration;
			buildSettings = {
				ALWAYS_SEARCH_USER_PATHS = NO;
				ASSETCATALOG_COMPILER_GENERATE_SWIFT_ASSET_SYMBOL_EXTENSIONS = YES;
				CLANG_ANALYZER_NONNULL = YES;
				CLANG_ANALYZER_NUMBER_OBJECT_CONVERSION = YES_AGGRESSIVE;
				CLANG_CXX_LANGUAGE_STANDARD = "gnu++20";
				CLANG_ENABLE_MODULES = YES;
				CLANG_ENABLE_OBJC_ARC = YES;
				CLANG_ENABLE_OBJC_WEAK = YES;
				CLANG_WARN_BLOCK_CAPTURE_AUTORELEASING = YES;
				CLANG_WARN_BOOL_CONVERSION = YES;
				CLANG_WARN_COMMA = YES;
				CLANG_WARN_CONSTANT_CONVERSION = YES;
				CLANG_WARN_DEPRECATED_OBJC_IMPLEMENTATIONS = YES;
				CLANG_WARN_DIRECT_OBJC_ISA_USAGE = YES_ERROR;
				CLANG_WARN_DOCUMENTATION_COMMENTS = YES;
				CLANG_WARN_EMPTY_BODY = YES;
				CLANG_WARN_ENUM_CONVERSION = YES;
				CLANG_WARN_INFINITE_RECURSION = YES;
				CLANG_WARN_INT_CONVERSION = YES;
				CLANG_WARN_NON_LITERAL_NULL_CONVERSION = YES;
				CLANG_WARN_OBJC_IMPLICIT_RETAIN_SELF = YES;
				CLANG_WARN_OBJC_LITERAL_CONVERSION = YES;
				CLANG_WARN_OBJC_ROOT_CLASS = YES_ERROR;
				CLANG_WARN_QUOTED_INCLUDE_IN_FRAMEWORK_HEADER = YES;
				CLANG_WARN_RANGE_LOOP_ANALYSIS = YES;
				CLANG_WARN_STRICT_PROTOTYPES = YES;
				CLANG_WARN_SUSPICIOUS_MOVE = YES;
				CLANG_WARN_UNGUARDED_AVAILABILITY = YES_AGGRESSIVE;
				CLANG_WARN_UNREACHABLE_CODE = YES;
				CLANG_WARN__DUPLICATE_METHOD_MATCH = YES;
				COPY_PHASE_STRIP = NO;
				DEBUG_INFORMATION_FORMAT = dwarf;
				ENABLE_STRICT_OBJC_MSGSEND = YES;
				ENABLE_TESTABILITY = YES;
				ENABLE_USER_SCRIPT_SANDBOXING = YES;
				GCC_C_LANGUAGE_STANDARD = gnu17;
				GCC_DYNAMIC_NO_PIC = NO;
				GCC_NO_COMMON_BLOCKS = YES;
				GCC_OPTIMIZATION_LEVEL = 0;
				GCC_PREPROCESSOR_DEFINITIONS = (
					"DEBUG=1",
					"$(inherited)",
				);
				GCC_WARN_64_TO_32_BIT_CONVERSION = YES;
				GCC_WARN_ABOUT_RETURN_TYPE = YES_ERROR;
				GCC_WARN_UNDECLARED_SELECTOR = YES;
				GCC_WARN_UNINITIALIZED_AUTOS = YES_AGGRESSIVE;
				GCC_WARN_UNUSED_FUNCTION = YES;
				GCC_WARN_UNUSED_VARIABLE = YES;
				LOCALIZATION_PREFERS_STRING_CATALOGS = YES;
				MTL_ENABLE_DEBUG_INFO = INCLUDE_SOURCE;
				MTL_FAST_MATH = YES;
				ONLY_ACTIVE_ARCH = YES;
				SWIFT_ACTIVE_COMPILATION_CONDITIONS = "DEBUG $(inherited)";
				SWIFT_OPTIMIZATION_LEVEL = "-Onone";
			};
			name = Debug;
		};
		B42478812DD159BC00702AA5 /* Release */ = {
			isa = XCBuildConfiguration;
			buildSettings = {
				ALWAYS_SEARCH_USER_PATHS = NO;
				ASSETCATALOG_COMPILER_GENERATE_SWIFT_ASSET_SYMBOL_EXTENSIONS = YES;
				CLANG_ANALYZER_NONNULL = YES;
				CLANG_ANALYZER_NUMBER_OBJECT_CONVERSION = YES_AGGRESSIVE;
				CLANG_CXX_LANGUAGE_STANDARD = "gnu++20";
				CLANG_ENABLE_MODULES = YES;
				CLANG_ENABLE_OBJC_ARC = YES;
				CLANG_ENABLE_OBJC_WEAK = YES;
				CLANG_WARN_BLOCK_CAPTURE_AUTORELEASING = YES;
				CLANG_WARN_BOOL_CONVERSION = YES;
				CLANG_WARN_COMMA = YES;
				CLANG_WARN_CONSTANT_CONVERSION = YES;
				CLANG_WARN_DEPRECATED_OBJC_IMPLEMENTATIONS = YES;
				CLANG_WARN_DIRECT_OBJC_ISA_USAGE = YES_ERROR;
				CLANG_WARN_DOCUMENTATION_COMMENTS = YES;
				CLANG_WARN_EMPTY_BODY = YES;
				CLANG_WARN_ENUM_CONVERSION = YES;
				CLANG_WARN_INFINITE_RECURSION = YES;
				CLANG_WARN_INT_CONVERSION = YES;
				CLANG_WARN_NON_LITERAL_NULL_CONVERSION = YES;
				CLANG_WARN_OBJC_IMPLICIT_RETAIN_SELF = YES;
				CLANG_WARN_OBJC_LITERAL_CONVERSION = YES;
				CLANG_WARN_OBJC_ROOT_CLASS = YES_ERROR;
				CLANG_WARN_QUOTED_INCLUDE_IN_FRAMEWORK_HEADER = YES;
				CLANG_WARN_RANGE_LOOP_ANALYSIS = YES;
				CLANG_WARN_STRICT_PROTOTYPES = YES;
				CLANG_WARN_SUSPICIOUS_MOVE = YES;
				CLANG_WARN_UNGUARDED_AVAILABILITY = YES_AGGRESSIVE;
				CLANG_WARN_UNREACHABLE_CODE = YES;
				CLANG_WARN__DUPLICATE_METHOD_MATCH = YES;
				COPY_PHASE_STRIP = NO;
				DEBUG_INFORMATION_FORMAT = "dwarf-with-dsym";
				ENABLE_NS_ASSERTIONS = NO;
				ENABLE_STRICT_OBJC_MSGSEND = YES;
				ENABLE_USER_SCRIPT_SANDBOXING = YES;
				GCC_C_LANGUAGE_STANDARD = gnu17;
				GCC_NO_COMMON_BLOCKS = YES;
				GCC_WARN_64_TO_32_BIT_CONVERSION = YES;
				GCC_WARN_ABOUT_RETURN_TYPE = YES_ERROR;
				GCC_WARN_UNDECLARED_SELECTOR = YES;
				GCC_WARN_UNINITIALIZED_AUTOS = YES_AGGRESSIVE;
				GCC_WARN_UNUSED_FUNCTION = YES;
				GCC_WARN_UNUSED_VARIABLE = YES;
				LOCALIZATION_PREFERS_STRING_CATALOGS = YES;
				MTL_ENABLE_DEBUG_INFO = NO;
				MTL_FAST_MATH = YES;
				SWIFT_COMPILATION_MODE = wholemodule;
			};
			name = Release;
		};
		B42478832DD159BC00702AA5 /* Debug */ = {
			isa = XCBuildConfiguration;
			buildSettings = {
				ASSETCATALOG_COMPILER_APPICON_NAME = AppIcon;
				ASSETCATALOG_COMPILER_GLOBAL_ACCENT_COLOR_NAME = AccentColor;
				CODE_SIGN_ENTITLEMENTS = HabbitTracker/HabbitTracker.entitlements;
				CODE_SIGN_STYLE = Automatic;
				CURRENT_PROJECT_VERSION = 1;
				DEVELOPMENT_ASSET_PATHS = "\"HabbitTracker/Preview Content\"";
				ENABLE_PREVIEWS = YES;
				GENERATE_INFOPLIST_FILE = YES;
				"INFOPLIST_KEY_UIApplicationSceneManifest_Generation[sdk=iphoneos*]" = YES;
				"INFOPLIST_KEY_UIApplicationSceneManifest_Generation[sdk=iphonesimulator*]" = YES;
				"INFOPLIST_KEY_UIApplicationSupportsIndirectInputEvents[sdk=iphoneos*]" = YES;
				"INFOPLIST_KEY_UIApplicationSupportsIndirectInputEvents[sdk=iphonesimulator*]" = YES;
				"INFOPLIST_KEY_UILaunchScreen_Generation[sdk=iphoneos*]" = YES;
				"INFOPLIST_KEY_UILaunchScreen_Generation[sdk=iphonesimulator*]" = YES;
				"INFOPLIST_KEY_UIStatusBarStyle[sdk=iphoneos*]" = UIStatusBarStyleDefault;
				"INFOPLIST_KEY_UIStatusBarStyle[sdk=iphonesimulator*]" = UIStatusBarStyleDefault;
				INFOPLIST_KEY_UISupportedInterfaceOrientations_iPad = "UIInterfaceOrientationPortrait UIInterfaceOrientationPortraitUpsideDown UIInterfaceOrientationLandscapeLeft UIInterfaceOrientationLandscapeRight";
				INFOPLIST_KEY_UISupportedInterfaceOrientations_iPhone = "UIInterfaceOrientationPortrait UIInterfaceOrientationLandscapeLeft UIInterfaceOrientationLandscapeRight";
				IPHONEOS_DEPLOYMENT_TARGET = 18.2;
				LD_RUNPATH_SEARCH_PATHS = "@executable_path/Frameworks";
				"LD_RUNPATH_SEARCH_PATHS[sdk=macosx*]" = "@executable_path/../Frameworks";
				MACOSX_DEPLOYMENT_TARGET = 15.1;
				MARKETING_VERSION = 1.0;
				PRODUCT_BUNDLE_IDENTIFIER = BumBaZo.HabbitTracker;
				PRODUCT_NAME = "$(TARGET_NAME)";
				SDKROOT = auto;
				SUPPORTED_PLATFORMS = "iphoneos iphonesimulator macosx xros xrsimulator";
				SWIFT_EMIT_LOC_STRINGS = YES;
				SWIFT_VERSION = 5.0;
				TARGETED_DEVICE_FAMILY = "1,2,7";
				XROS_DEPLOYMENT_TARGET = 2.2;
			};
			name = Debug;
		};
		B42478842DD159BC00702AA5 /* Release */ = {
			isa = XCBuildConfiguration;
			buildSettings = {
				ASSETCATALOG_COMPILER_APPICON_NAME = AppIcon;
				ASSETCATALOG_COMPILER_GLOBAL_ACCENT_COLOR_NAME = AccentColor;
				CODE_SIGN_ENTITLEMENTS = HabbitTracker/HabbitTracker.entitlements;
				CODE_SIGN_STYLE = Automatic;
				CURRENT_PROJECT_VERSION = 1;
				DEVELOPMENT_ASSET_PATHS = "\"HabbitTracker/Preview Content\"";
				ENABLE_PREVIEWS = YES;
				GENERATE_INFOPLIST_FILE = YES;
				"INFOPLIST_KEY_UIApplicationSceneManifest_Generation[sdk=iphoneos*]" = YES;
				"INFOPLIST_KEY_UIApplicationSceneManifest_Generation[sdk=iphonesimulator*]" = YES;
				"INFOPLIST_KEY_UIApplicationSupportsIndirectInputEvents[sdk=iphoneos*]" = YES;
				"INFOPLIST_KEY_UIApplicationSupportsIndirectInputEvents[sdk=iphonesimulator*]" = YES;
				"INFOPLIST_KEY_UILaunchScreen_Generation[sdk=iphoneos*]" = YES;
				"INFOPLIST_KEY_UILaunchScreen_Generation[sdk=iphonesimulator*]" = YES;
				"INFOPLIST_KEY_UIStatusBarStyle[sdk=iphoneos*]" = UIStatusBarStyleDefault;
				"INFOPLIST_KEY_UIStatusBarStyle[sdk=iphonesimulator*]" = UIStatusBarStyleDefault;
				INFOPLIST_KEY_UISupportedInterfaceOrientations_iPad = "UIInterfaceOrientationPortrait UIInterfaceOrientationPortraitUpsideDown UIInterfaceOrientationLandscapeLeft UIInterfaceOrientationLandscapeRight";
				INFOPLIST_KEY_UISupportedInterfaceOrientations_iPhone = "UIInterfaceOrientationPortrait UIInterfaceOrientationLandscapeLeft UIInterfaceOrientationLandscapeRight";
				IPHONEOS_DEPLOYMENT_TARGET = 18.2;
				LD_RUNPATH_SEARCH_PATHS = "@executable_path/Frameworks";
				"LD_RUNPATH_SEARCH_PATHS[sdk=macosx*]" = "@executable_path/../Frameworks";
				MACOSX_DEPLOYMENT_TARGET = 15.1;
				MARKETING_VERSION = 1.0;
				PRODUCT_BUNDLE_IDENTIFIER = BumBaZo.HabbitTracker;
				PRODUCT_NAME = "$(TARGET_NAME)";
				SDKROOT = auto;
				SUPPORTED_PLATFORMS = "iphoneos iphonesimulator macosx xros xrsimulator";
				SWIFT_EMIT_LOC_STRINGS = YES;
				SWIFT_VERSION = 5.0;
				TARGETED_DEVICE_FAMILY = "1,2,7";
				XROS_DEPLOYMENT_TARGET = 2.2;
			};
			name = Release;
		};
		B42478862DD159BC00702AA5 /* Debug */ = {
			isa = XCBuildConfiguration;
			buildSettings = {
				BUNDLE_LOADER = "$(TEST_HOST)";
				CODE_SIGN_STYLE = Automatic;
				CURRENT_PROJECT_VERSION = 1;
				GENERATE_INFOPLIST_FILE = YES;
				IPHONEOS_DEPLOYMENT_TARGET = 18.2;
				MACOSX_DEPLOYMENT_TARGET = 15.1;
				MARKETING_VERSION = 1.0;
				PRODUCT_BUNDLE_IDENTIFIER = BumBaZo.HabbitTrackerTests;
				PRODUCT_NAME = "$(TARGET_NAME)";
				SDKROOT = auto;
				SUPPORTED_PLATFORMS = "iphoneos iphonesimulator macosx xros xrsimulator";
				SWIFT_EMIT_LOC_STRINGS = NO;
				SWIFT_VERSION = 5.0;
				TARGETED_DEVICE_FAMILY = "1,2,7";
				TEST_HOST = "$(BUILT_PRODUCTS_DIR)/HabbitTracker.app/$(BUNDLE_EXECUTABLE_FOLDER_PATH)/HabbitTracker";
				XROS_DEPLOYMENT_TARGET = 2.2;
			};
			name = Debug;
		};
		B42478872DD159BC00702AA5 /* Release */ = {
			isa = XCBuildConfiguration;
			buildSettings = {
				BUNDLE_LOADER = "$(TEST_HOST)";
				CODE_SIGN_STYLE = Automatic;
				CURRENT_PROJECT_VERSION = 1;
				GENERATE_INFOPLIST_FILE = YES;
				IPHONEOS_DEPLOYMENT_TARGET = 18.2;
				MACOSX_DEPLOYMENT_TARGET = 15.1;
				MARKETING_VERSION = 1.0;
				PRODUCT_BUNDLE_IDENTIFIER = BumBaZo.HabbitTrackerTests;
				PRODUCT_NAME = "$(TARGET_NAME)";
				SDKROOT = auto;
				SUPPORTED_PLATFORMS = "iphoneos iphonesimulator macosx xros xrsimulator";
				SWIFT_EMIT_LOC_STRINGS = NO;
				SWIFT_VERSION = 5.0;
				TARGETED_DEVICE_FAMILY = "1,2,7";
				TEST_HOST = "$(BUILT_PRODUCTS_DIR)/HabbitTracker.app/$(BUNDLE_EXECUTABLE_FOLDER_PATH)/HabbitTracker";
				XROS_DEPLOYMENT_TARGET = 2.2;
			};
			name = Release;
		};
		B42478892DD159BC00702AA5 /* Debug */ = {
			isa = XCBuildConfiguration;
			buildSettings = {
				CODE_SIGN_STYLE = Automatic;
				CURRENT_PROJECT_VERSION = 1;
				GENERATE_INFOPLIST_FILE = YES;
				IPHONEOS_DEPLOYMENT_TARGET = 18.2;
				MACOSX_DEPLOYMENT_TARGET = 15.1;
				MARKETING_VERSION = 1.0;
				PRODUCT_BUNDLE_IDENTIFIER = BumBaZo.HabbitTrackerUITests;
				PRODUCT_NAME = "$(TARGET_NAME)";
				SDKROOT = auto;
				SUPPORTED_PLATFORMS = "iphoneos iphonesimulator macosx xros xrsimulator";
				SWIFT_EMIT_LOC_STRINGS = NO;
				SWIFT_VERSION = 5.0;
				TARGETED_DEVICE_FAMILY = "1,2,7";
				TEST_TARGET_NAME = HabbitTracker;
				XROS_DEPLOYMENT_TARGET = 2.2;
			};
			name = Debug;
		};
		B424788A2DD159BC00702AA5 /* Release */ = {
			isa = XCBuildConfiguration;
			buildSettings = {
				CODE_SIGN_STYLE = Automatic;
				CURRENT_PROJECT_VERSION = 1;
				GENERATE_INFOPLIST_FILE = YES;
				IPHONEOS_DEPLOYMENT_TARGET = 18.2;
				MACOSX_DEPLOYMENT_TARGET = 15.1;
				MARKETING_VERSION = 1.0;
				PRODUCT_BUNDLE_IDENTIFIER = BumBaZo.HabbitTrackerUITests;
				PRODUCT_NAME = "$(TARGET_NAME)";
				SDKROOT = auto;
				SUPPORTED_PLATFORMS = "iphoneos iphonesimulator macosx xros xrsimulator";
				SWIFT_EMIT_LOC_STRINGS = NO;
				SWIFT_VERSION = 5.0;
				TARGETED_DEVICE_FAMILY = "1,2,7";
				TEST_TARGET_NAME = HabbitTracker;
				XROS_DEPLOYMENT_TARGET = 2.2;
			};
			name = Release;
		};
/* End XCBuildConfiguration section */

/* Begin XCConfigurationList section */
		B42478582DD159BB00702AA5 /* Build configuration list for PBXProject "HabbitTracker" */ = {
			isa = XCConfigurationList;
			buildConfigurations = (
				B42478802DD159BC00702AA5 /* Debug */,
				B42478812DD159BC00702AA5 /* Release */,
			);
			defaultConfigurationIsVisible = 0;
			defaultConfigurationName = Release;
		};
		B42478822DD159BC00702AA5 /* Build configuration list for PBXNativeTarget "HabbitTracker" */ = {
			isa = XCConfigurationList;
			buildConfigurations = (
				B42478832DD159BC00702AA5 /* Debug */,
				B42478842DD159BC00702AA5 /* Release */,
			);
			defaultConfigurationIsVisible = 0;
			defaultConfigurationName = Release;
		};
		B42478852DD159BC00702AA5 /* Build configuration list for PBXNativeTarget "HabbitTrackerTests" */ = {
			isa = XCConfigurationList;
			buildConfigurations = (
				B42478862DD159BC00702AA5 /* Debug */,
				B42478872DD159BC00702AA5 /* Release */,
			);
			defaultConfigurationIsVisible = 0;
			defaultConfigurationName = Release;
		};
		B42478882DD159BC00702AA5 /* Build configuration list for PBXNativeTarget "HabbitTrackerUITests" */ = {
			isa = XCConfigurationList;
			buildConfigurations = (
				B42478892DD159BC00702AA5 /* Debug */,
				B424788A2DD159BC00702AA5 /* Release */,
			);
			defaultConfigurationIsVisible = 0;
			defaultConfigurationName = Release;
		};
/* End XCConfigurationList section */

/* Begin XCRemoteSwiftPackageReference section */
		B424788D2DD15EBF00702AA5 /* XCRemoteSwiftPackageReference "firebase-ios-sdk" */ = {
			isa = XCRemoteSwiftPackageReference;
			repositoryURL = "https://github.com/firebase/firebase-ios-sdk";
			requirement = {
				kind = upToNextMajorVersion;
				minimumVersion = 11.12.0;
			};
		};
/* End XCRemoteSwiftPackageReference section */

/* Begin XCSwiftPackageProductDependency section */
		B424788E2DD15EBF00702AA5 /* FirebaseAnalytics */ = {
			isa = XCSwiftPackageProductDependency;
			package = B424788D2DD15EBF00702AA5 /* XCRemoteSwiftPackageReference "firebase-ios-sdk" */;
			productName = FirebaseAnalytics;
		};
		B42478902DD15EBF00702AA5 /* FirebaseAuth */ = {
			isa = XCSwiftPackageProductDependency;
			package = B424788D2DD15EBF00702AA5 /* XCRemoteSwiftPackageReference "firebase-ios-sdk" */;
			productName = FirebaseAuth;
		};
		B42478922DD15EBF00702AA5 /* FirebaseCore */ = {
			isa = XCSwiftPackageProductDependency;
			package = B424788D2DD15EBF00702AA5 /* XCRemoteSwiftPackageReference "firebase-ios-sdk" */;
			productName = FirebaseCore;
		};
		B42478942DD15EBF00702AA5 /* FirebaseDatabase */ = {
			isa = XCSwiftPackageProductDependency;
			package = B424788D2DD15EBF00702AA5 /* XCRemoteSwiftPackageReference "firebase-ios-sdk" */;
			productName = FirebaseDatabase;
		};
		B42478962DD15EBF00702AA5 /* FirebaseFirestore */ = {
			isa = XCSwiftPackageProductDependency;
			package = B424788D2DD15EBF00702AA5 /* XCRemoteSwiftPackageReference "firebase-ios-sdk" */;
			productName = FirebaseFirestore;
		};
		B42478982DD15EBF00702AA5 /* FirebaseFirestoreCombine-Community */ = {
			isa = XCSwiftPackageProductDependency;
			package = B424788D2DD15EBF00702AA5 /* XCRemoteSwiftPackageReference "firebase-ios-sdk" */;
			productName = "FirebaseFirestoreCombine-Community";
		};
		B42478A92DD1DA6C00702AA5 /* FirebaseStorage */ = {
			isa = XCSwiftPackageProductDependency;
			package = B424788D2DD15EBF00702AA5 /* XCRemoteSwiftPackageReference "firebase-ios-sdk" */;
			productName = FirebaseStorage;
		};
		B42478AB2DD1DA6C00702AA5 /* FirebaseStorageCombine-Community */ = {
			isa = XCSwiftPackageProductDependency;
			package = B424788D2DD15EBF00702AA5 /* XCRemoteSwiftPackageReference "firebase-ios-sdk" */;
			productName = "FirebaseStorageCombine-Community";
		};
		B42478AD2DD1DC7A00702AA5 /* FirebaseInAppMessaging-Beta */ = {
			isa = XCSwiftPackageProductDependency;
			package = B424788D2DD15EBF00702AA5 /* XCRemoteSwiftPackageReference "firebase-ios-sdk" */;
			productName = "FirebaseInAppMessaging-Beta";
		};
		B42478AF2DD1DC7A00702AA5 /* FirebaseInstallations */ = {
			isa = XCSwiftPackageProductDependency;
			package = B424788D2DD15EBF00702AA5 /* XCRemoteSwiftPackageReference "firebase-ios-sdk" */;
			productName = FirebaseInstallations;
		};
		B42478B12DD1DC7A00702AA5 /* FirebaseMessaging */ = {
			isa = XCSwiftPackageProductDependency;
			package = B424788D2DD15EBF00702AA5 /* XCRemoteSwiftPackageReference "firebase-ios-sdk" */;
			productName = FirebaseMessaging;
		};
/* End XCSwiftPackageProductDependency section */
	};
	rootObject = B42478552DD159BB00702AA5 /* Project object */;
}
